{
	"name": "@e280/hottie",
	"version": "0.1.0-2",
	"lockfileVersion": 3,
	"requires": true,
	"packages": {
		"": {
			"name": "@e280/hottie",
			"version": "0.1.0-2",
			"license": "MIT",
			"dependencies": {
				"@benev/argv": "^0.3.14",
				"@e280/stz": "^0.2.24",
				"chokidar": "^5.0.0",
				"http-proxy-3": "^1.23.2",
				"sirv": "^3.0.2",
				"ws": "^8.19.0"
			},
			"bin": {
				"hottie": "x/cli.js"
			},
			"devDependencies": {
				"@types/node": "^25.4.0",
				"@types/ws": "^8.18.1",
				"typescript": "^5.9.3"
			}
		},
		"node_modules/@benev/argv": {
			"version": "0.3.14",
			"resolved": "https://registry.npmjs.org/@benev/argv/-/argv-0.3.14.tgz",
			"integrity": "sha512-Lr0Mu05iSe7jFH22qhwKaN+mVnjMFQtJfSDjblfJhY+IFZ/EuYTrGw/cVjlFd6MTCmfxcFohU/2+t9MsjR21Xw==",
			"license": "MIT"
		},
		"node_modules/@e280/stz": {
			"version": "0.2.24",
			"resolved": "https://registry.npmjs.org/@e280/stz/-/stz-0.2.24.tgz",
			"integrity": "sha512-YJD881IZv7RJrxFRUDuToXNdHilSGD7AxdhJ1z1wt/x2CXt8UDHq1t8QjVdk5+luGr8/CqrqBMRvKC9FOQWjCg==",
			"license": "MIT"
		},
		"node_modules/@polka/url": {
			"version": "1.0.0-next.29",
			"resolved": "https://registry.npmjs.org/@polka/url/-/url-1.0.0-next.29.tgz",
			"integrity": "sha512-wwQAWhWSuHaag8c4q/KN/vCoeOJYshAIvMQwD4GpSb3OiZklFfvAgmj0VCBBImRpuF/aFgIRzllXlVX93Jevww==",
			"license": "MIT"
		},
		"node_modules/@types/node": {
			"version": "25.4.0",
			"resolved": "https://registry.npmjs.org/@types/node/-/node-25.4.0.tgz",
			"integrity": "sha512-9wLpoeWuBlcbBpOY3XmzSTG3oscB6xjBEEtn+pYXTfhyXhIxC5FsBer2KTopBlvKEiW9l13po9fq+SJY/5lkhw==",
			"dev": true,
			"license": "MIT",
			"dependencies": {
				"undici-types": "~7.18.0"
			}
		},
		"node_modules/@types/ws": {
			"version": "8.18.1",
			"resolved": "https://registry.npmjs.org/@types/ws/-/ws-8.18.1.tgz",
			"integrity": "sha512-ThVF6DCVhA8kUGy+aazFQ4kXQ7E1Ty7A3ypFOe0IcJV8O/M511G99AW24irKrW56Wt44yG9+ij8FaqoBGkuBXg==",
			"dev": true,
			"license": "MIT",
			"dependencies": {
				"@types/node": "*"
			}
		},
		"node_modules/chokidar": {
			"version": "5.0.0",
			"resolved": "https://registry.npmjs.org/chokidar/-/chokidar-5.0.0.tgz",
			"integrity": "sha512-TQMmc3w+5AxjpL8iIiwebF73dRDF4fBIieAqGn9RGCWaEVwQ6Fb2cGe31Yns0RRIzii5goJ1Y7xbMwo1TxMplw==",
			"license": "MIT",
			"dependencies": {
				"readdirp": "^5.0.0"
			},
			"engines": {
				"node": ">= 20.19.0"
			},
			"funding": {
				"url": "https://paulmillr.com/funding/"
			}
		},
		"node_modules/debug": {
			"version": "4.4.3",
			"resolved": "https://registry.npmjs.org/debug/-/debug-4.4.3.tgz",
			"integrity": "sha512-RGwwWnwQvkVfavKVt22FGLw+xYSdzARwm0ru6DhTVA3umU5hZc28V3kO4stgYryrTlLpuvgI9GiijltAjNbcqA==",
			"license": "MIT",
			"dependencies": {
				"ms": "^2.1.3"
			},
			"engines": {
				"node": ">=6.0"
			},
			"peerDependenciesMeta": {
				"supports-color": {
					"optional": true
				}
			}
		},
		"node_modules/follow-redirects": {
			"version": "1.15.11",
			"resolved": "https://registry.npmjs.org/follow-redirects/-/follow-redirects-1.15.11.tgz",
			"integrity": "sha512-deG2P0JfjrTxl50XGCDyfI97ZGVCxIpfKYmfyrQ54n5FO/0gfIES8C/Psl6kWVDolizcaaxZJnTS0QSMxvnsBQ==",
			"funding": [
				{
					"type": "individual",
					"url": "https://github.com/sponsors/RubenVerborgh"
				}
			],
			"license": "MIT",
			"engines": {
				"node": ">=4.0"
			},
			"peerDependenciesMeta": {
				"debug": {
					"optional": true
				}
			}
		},
		"node_modules/http-proxy-3": {
			"version": "1.23.2",
			"resolved": "https://registry.npmjs.org/http-proxy-3/-/http-proxy-3-1.23.2.tgz",
			"integrity": "sha512-vZks1dLliM0w7aQDT9eFYLO8PUuQ9Cm67y7kn+kgkLtvKP0HZ6Thb3+MCGFFNCnKMCkLXY6rvIH1d7jQITryxA==",
			"license": "MIT",
			"dependencies": {
				"debug": "^4.4.0",
				"follow-redirects": "^1.15.9"
			},
			"engines": {
				"node": ">=18"
			}
		},
		"node_modules/mrmime": {
			"version": "2.0.1",
			"resolved": "https://registry.npmjs.org/mrmime/-/mrmime-2.0.1.tgz",
			"integrity": "sha512-Y3wQdFg2Va6etvQ5I82yUhGdsKrcYox6p7FfL1LbK2J4V01F9TGlepTIhnK24t7koZibmg82KGglhA1XK5IsLQ==",
			"license": "MIT",
			"engines": {
				"node": ">=10"
			}
		},
		"node_modules/ms": {
			"version": "2.1.3",
			"resolved": "https://registry.npmjs.org/ms/-/ms-2.1.3.tgz",
			"integrity": "sha512-6FlzubTLZG3J2a/NVCAleEhjzq5oxgHyaCU9yYXvcLsvoVaHJq/s5xXI6/XXP6tz7R9xAOtHnSO/tXtF3WRTlA==",
			"license": "MIT"
		},
		"node_modules/readdirp": {
			"version": "5.0.0",
			"resolved": "https://registry.npmjs.org/readdirp/-/readdirp-5.0.0.tgz",
			"integrity": "sha512-9u/XQ1pvrQtYyMpZe7DXKv2p5CNvyVwzUB6uhLAnQwHMSgKMBR62lc7AHljaeteeHXn11XTAaLLUVZYVZyuRBQ==",
			"license": "MIT",
			"engines": {
				"node": ">= 20.19.0"
			},
			"funding": {
				"type": "individual",
				"url": "https://paulmillr.com/funding/"
			}
		},
		"node_modules/sirv": {
			"version": "3.0.2",
			"resolved": "https://registry.npmjs.org/sirv/-/sirv-3.0.2.tgz",
			"integrity": "sha512-2wcC/oGxHis/BoHkkPwldgiPSYcpZK3JU28WoMVv55yHJgcZ8rlXvuG9iZggz+sU1d4bRgIGASwyWqjxu3FM0g==",
			"license": "MIT",
			"dependencies": {
				"@polka/url": "^1.0.0-next.24",
				"mrmime": "^2.0.0",
				"totalist": "^3.0.0"
			},
			"engines": {
				"node": ">=18"
			}
		},
		"node_modules/totalist": {
			"version": "3.0.1",
			"resolved": "https://registry.npmjs.org/totalist/-/totalist-3.0.1.tgz",
			"integrity": "sha512-sf4i37nQ2LBx4m3wB74y+ubopq6W/dIzXg0FDGjsYnZHVa1Da8FH853wlL2gtUhg+xJXjfk3kUZS3BRoQeoQBQ==",
			"license": "MIT",
			"engines": {
				"node": ">=6"
			}
		},
		"node_modules/typescript": {
			"version": "5.9.3",
			"resolved": "https://registry.npmjs.org/typescript/-/typescript-5.9.3.tgz",
			"integrity": "sha512-jl1vZzPDinLr9eUt3J/t7V6FgNEw9QjvBPdysz9KfQDD41fQrC2Y4vKQdiaUpFT4bXlb1RHhLpp8wtm6M5TgSw==",
			"dev": true,
			"license": "Apache-2.0",
			"bin": {
				"tsc": "bin/tsc",
				"tsserver": "bin/tsserver"
			},
			"engines": {
				"node": ">=14.17"
			}
		},
		"node_modules/undici-types": {
			"version": "7.18.2",
			"resolved": "https://registry.npmjs.org/undici-types/-/undici-types-7.18.2.tgz",
			"integrity": "sha512-AsuCzffGHJybSaRrmr5eHr81mwJU3kjw6M+uprWvCXiNeN9SOGwQ3Jn8jb8m3Z6izVgknn1R0FTCEAP2QrLY/w==",
			"dev": true,
			"license": "MIT"
		},
		"node_modules/ws": {
			"version": "8.19.0",
			"resolved": "https://registry.npmjs.org/ws/-/ws-8.19.0.tgz",
			"integrity": "sha512-blAT2mjOEIi0ZzruJfIhb3nps74PRWTCz1IjglWEEpQl5XS/UNama6u2/rjFkDDouqr4L67ry+1aGIALViWjDg==",
			"license": "MIT",
			"engines": {
				"node": ">=10.0.0"
			},
			"peerDependencies": {
				"bufferutil": "^4.0.1",
				"utf-8-validate": ">=5.0.2"
			},
			"peerDependenciesMeta": {
				"bufferutil": {
					"optional": true
				},
				"utf-8-validate": {
					"optional": true
				}
			}
		}
	}
}
